// !$*UTF8*$!
{
	archiveVersion = 1;
	classes = {
	};
	objectVersion = 50;
	objects = {

/* Begin PBXBuildFile section */
		561047AB231455F60031EA83 /* ChessboardModel.m in Sources */ = {isa = PBXBuildFile; fileRef = 561047AA231455F60031EA83 /* ChessboardModel.m */; };
		56174C0922FB3336001C1152 /* AppDelegate.m in Sources */ = {isa = PBXBuildFile; fileRef = 56174C0822FB3336001C1152 /* AppDelegate.m */; };
		56174C0C22FB3336001C1152 /* ViewController.m in Sources */ = {isa = PBXBuildFile; fileRef = 56174C0B22FB3336001C1152 /* ViewController.m */; };
		56174C0F22FB3336001C1152 /* Main.storyboard in Resources */ = {isa = PBXBuildFile; fileRef = 56174C0D22FB3336001C1152 /* Main.storyboard */; };
		56174C1222FB3336001C1152 /* telechess_client.xcdatamodeld in Sources */ = {isa = PBXBuildFile; fileRef = 56174C1022FB3336001C1152 /* telechess_client.xcdatamodeld */; };
		56174C1422FB3337001C1152 /* Assets.xcassets in Resources */ = {isa = PBXBuildFile; fileRef = 56174C1322FB3337001C1152 /* Assets.xcassets */; };
		56174C1722FB3337001C1152 /* LaunchScreen.storyboard in Resources */ = {isa = PBXBuildFile; fileRef = 56174C1522FB3337001C1152 /* LaunchScreen.storyboard */; };
		56174C1A22FB3337001C1152 /* main.m in Sources */ = {isa = PBXBuildFile; fileRef = 56174C1922FB3337001C1152 /* main.m */; };
		561820E72326F92200D792E4 /* NetworkManager.m in Sources */ = {isa = PBXBuildFile; fileRef = 561820E62326F92200D792E4 /* NetworkManager.m */; };
		56233FA32301D5A000C9C6C4 /* UIChessPiece.m in Sources */ = {isa = PBXBuildFile; fileRef = 56233FA22301D5A000C9C6C4 /* UIChessPiece.m */; };
		56233FA62301D87D00C9C6C4 /* UIChessboardViewController.m in Sources */ = {isa = PBXBuildFile; fileRef = 56233FA52301D87D00C9C6C4 /* UIChessboardViewController.m */; };
		5673F6FF23292F6E00DD93C4 /* ChessPiece.m in Sources */ = {isa = PBXBuildFile; fileRef = 5673F6FE23292F6E00DD93C4 /* ChessPiece.m */; };
		568011A623032B2800BC26D9 /* UIChessboardView.m in Sources */ = {isa = PBXBuildFile; fileRef = 568011A523032B2800BC26D9 /* UIChessboardView.m */; };
/* End PBXBuildFile section */

/* Begin PBXFileReference section */
		561047A9231455F60031EA83 /* ChessboardModel.h */ = {isa = PBXFileReference; lastKnownFileType = sourcecode.c.h; path = ChessboardModel.h; sourceTree = "<group>"; };
		561047AA231455F60031EA83 /* ChessboardModel.m */ = {isa = PBXFileReference; lastKnownFileType = sourcecode.c.objc; path = ChessboardModel.m; sourceTree = "<group>"; };
		56174C0422FB3336001C1152 /* telechess-client.app */ = {isa = PBXFileReference; explicitFileType = wrapper.application; includeInIndex = 0; path = "telechess-client.app"; sourceTree = BUILT_PRODUCTS_DIR; };
		56174C0722FB3336001C1152 /* AppDelegate.h */ = {isa = PBXFileReference; lastKnownFileType = sourcecode.c.h; path = AppDelegate.h; sourceTree = "<group>"; };
		56174C0822FB3336001C1152 /* AppDelegate.m */ = {isa = PBXFileReference; lastKnownFileType = sourcecode.c.objc; path = AppDelegate.m; sourceTree = "<group>"; };
		56174C0A22FB3336001C1152 /* ViewController.h */ = {isa = PBXFileReference; lastKnownFileType = sourcecode.c.h; path = ViewController.h; sourceTree = "<group>"; };
		56174C0B22FB3336001C1152 /* ViewController.m */ = {isa = PBXFileReference; lastKnownFileType = sourcecode.c.objc; path = ViewController.m; sourceTree = "<group>"; };
		56174C0E22FB3336001C1152 /* Base */ = {isa = PBXFileReference; lastKnownFileType = file.storyboard; name = Base; path = Base.lproj/Main.storyboard; sourceTree = "<group>"; };
		56174C1122FB3336001C1152 /* telechess_client.xcdatamodel */ = {isa = PBXFileReference; lastKnownFileType = wrapper.xcdatamodel; path = telechess_client.xcdatamodel; sourceTree = "<group>"; };
		56174C1322FB3337001C1152 /* Assets.xcassets */ = {isa = PBXFileReference; lastKnownFileType = folder.assetcatalog; path = Assets.xcassets; sourceTree = "<group>"; };
		56174C1622FB3337001C1152 /* Base */ = {isa = PBXFileReference; lastKnownFileType = file.storyboard; name = Base; path = Base.lproj/LaunchScreen.storyboard; sourceTree = "<group>"; };
		56174C1822FB3337001C1152 /* Info.plist */ = {isa = PBXFileReference; lastKnownFileType = text.plist.xml; path = Info.plist; sourceTree = "<group>"; };
		56174C1922FB3337001C1152 /* main.m */ = {isa = PBXFileReference; lastKnownFileType = sourcecode.c.objc; path = main.m; sourceTree = "<group>"; };
		56174C2222FB35C3001C1152 /* UIChessboardView.h */ = {isa = PBXFileReference; lastKnownFileType = sourcecode.c.h; path = UIChessboardView.h; sourceTree = "<group>"; };
		561820E52326F92200D792E4 /* NetworkManager.h */ = {isa = PBXFileReference; lastKnownFileType = sourcecode.c.h; path = NetworkManager.h; sourceTree = "<group>"; };
		561820E62326F92200D792E4 /* NetworkManager.m */ = {isa = PBXFileReference; lastKnownFileType = sourcecode.c.objc; path = NetworkManager.m; sourceTree = "<group>"; };
		56233FA12301D5A000C9C6C4 /* UIChessPiece.h */ = {isa = PBXFileReference; lastKnownFileType = sourcecode.c.h; path = UIChessPiece.h; sourceTree = "<group>"; };
		56233FA22301D5A000C9C6C4 /* UIChessPiece.m */ = {isa = PBXFileReference; lastKnownFileType = sourcecode.c.objc; path = UIChessPiece.m; sourceTree = "<group>"; };
		56233FA42301D87D00C9C6C4 /* UIChessboardViewController.h */ = {isa = PBXFileReference; lastKnownFileType = sourcecode.c.h; path = UIChessboardViewController.h; sourceTree = "<group>"; };
		56233FA52301D87D00C9C6C4 /* UIChessboardViewController.m */ = {isa = PBXFileReference; lastKnownFileType = sourcecode.c.objc; path = UIChessboardViewController.m; sourceTree = "<group>"; };
		5673F6FD23292F6E00DD93C4 /* ChessPiece.h */ = {isa = PBXFileReference; lastKnownFileType = sourcecode.c.h; path = ChessPiece.h; sourceTree = "<group>"; };
		5673F6FE23292F6E00DD93C4 /* ChessPiece.m */ = {isa = PBXFileReference; lastKnownFileType = sourcecode.c.objc; path = ChessPiece.m; sourceTree = "<group>"; };
		568011A523032B2800BC26D9 /* UIChessboardView.m */ = {isa = PBXFileReference; fileEncoding = 4; lastKnownFileType = sourcecode.c.objc; path = UIChessboardView.m; sourceTree = "<group>"; };
/* End PBXFileReference section */

/* Begin PBXFrameworksBuildPhase section */
		56174C0122FB3336001C1152 /* Frameworks */ = {
			isa = PBXFrameworksBuildPhase;
			buildActionMask = 2147483647;
			files = (
			);
			runOnlyForDeploymentPostprocessing = 0;
		};
/* End PBXFrameworksBuildPhase section */

/* Begin PBXGroup section */
		56174BFB22FB3336001C1152 = {
			isa = PBXGroup;
			children = (
				56174C0622FB3336001C1152 /* telechess-client */,
				56174C0522FB3336001C1152 /* Products */,
			);
			sourceTree = "<group>";
		};
		56174C0522FB3336001C1152 /* Products */ = {
			isa = PBXGroup;
			children = (
				56174C0422FB3336001C1152 /* telechess-client.app */,
			);
			name = Products;
			sourceTree = "<group>";
		};
		56174C0622FB3336001C1152 /* telechess-client */ = {
			isa = PBXGroup;
			children = (
				561820E42326F0A700D792E4 /* Models */,
				5673F6FC232924FC00DD93C4 /* ViewControllers */,
				5673F70023294A2000DD93C4 /* Views */,
				56174C0722FB3336001C1152 /* AppDelegate.h */,
				56174C0822FB3336001C1152 /* AppDelegate.m */,
				56174C0A22FB3336001C1152 /* ViewController.h */,
				56174C0B22FB3336001C1152 /* ViewController.m */,
				56174C0D22FB3336001C1152 /* Main.storyboard */,
				56174C1322FB3337001C1152 /* Assets.xcassets */,
				56174C1522FB3337001C1152 /* LaunchScreen.storyboard */,
				56174C1822FB3337001C1152 /* Info.plist */,
				56174C1922FB3337001C1152 /* main.m */,
				56174C1022FB3336001C1152 /* telechess_client.xcdatamodeld */,
			);
			path = "telechess-client";
			sourceTree = "<group>";
		};
		561820E42326F0A700D792E4 /* Models */ = {
			isa = PBXGroup;
			children = (
				5673F6FD23292F6E00DD93C4 /* ChessPiece.h */,
				5673F6FE23292F6E00DD93C4 /* ChessPiece.m */,
				561047A9231455F60031EA83 /* ChessboardModel.h */,
				561047AA231455F60031EA83 /* ChessboardModel.m */,
				561820E52326F92200D792E4 /* NetworkManager.h */,
				561820E62326F92200D792E4 /* NetworkManager.m */,
			);
			path = Models;
			sourceTree = "<group>";
		};
		5673F6FC232924FC00DD93C4 /* ViewControllers */ = {
			isa = PBXGroup;
			children = (
				56233FA42301D87D00C9C6C4 /* UIChessboardViewController.h */,
				56233FA52301D87D00C9C6C4 /* UIChessboardViewController.m */,
			);
			path = ViewControllers;
			sourceTree = "<group>";
		};
		5673F70023294A2000DD93C4 /* Views */ = {
			isa = PBXGroup;
			children = (
				56174C2222FB35C3001C1152 /* UIChessboardView.h */,
				568011A523032B2800BC26D9 /* UIChessboardView.m */,
				56233FA12301D5A000C9C6C4 /* UIChessPiece.h */,
				56233FA22301D5A000C9C6C4 /* UIChessPiece.m */,
			);
			path = Views;
			sourceTree = "<group>";
		};
/* End PBXGroup section */

/* Begin PBXNativeTarget section */
		56174C0322FB3336001C1152 /* telechess-client */ = {
			isa = PBXNativeTarget;
			buildConfigurationList = 56174C1D22FB3337001C1152 /* Build configuration list for PBXNativeTarget "telechess-client" */;
			buildPhases = (
				56174C0022FB3336001C1152 /* Sources */,
				56174C0122FB3336001C1152 /* Frameworks */,
				56174C0222FB3336001C1152 /* Resources */,
			);
			buildRules = (
			);
			dependencies = (
			);
			name = "telechess-client";
			productName = "telechess-client";
			productReference = 56174C0422FB3336001C1152 /* telechess-client.app */;
			productType = "com.apple.product-type.application";
		};
/* End PBXNativeTarget section */

/* Begin PBXProject section */
		56174BFC22FB3336001C1152 /* Project object */ = {
			isa = PBXProject;
			attributes = {
				LastUpgradeCheck = 1020;
				ORGANIZATIONNAME = "Roman Lazarev";
				TargetAttributes = {
					56174C0322FB3336001C1152 = {
						CreatedOnToolsVersion = 10.2.1;
					};
				};
			};
			buildConfigurationList = 56174BFF22FB3336001C1152 /* Build configuration list for PBXProject "telechess-client" */;
			compatibilityVersion = "Xcode 9.3";
			developmentRegion = en;
			hasScannedForEncodings = 0;
			knownRegions = (
				en,
				Base,
			);
			mainGroup = 56174BFB22FB3336001C1152;
			productRefGroup = 56174C0522FB3336001C1152 /* Products */;
			projectDirPath = "";
			projectRoot = "";
			targets = (
				56174C0322FB3336001C1152 /* telechess-client */,
			);
		};
/* End PBXProject section */

/* Begin PBXResourcesBuildPhase section */
		56174C0222FB3336001C1152 /* Resources */ = {
			isa = PBXResourcesBuildPhase;
			buildActionMask = 2147483647;
			files = (
				56174C1722FB3337001C1152 /* LaunchScreen.storyboard in Resources */,
				56174C1422FB3337001C1152 /* Assets.xcassets in Resources */,
				56174C0F22FB3336001C1152 /* Main.storyboard in Resources */,
			);
			runOnlyForDeploymentPostprocessing = 0;
		};
/* End PBXResourcesBuildPhase section */

/* Begin PBXSourcesBuildPhase section */
		56174C0022FB3336001C1152 /* Sources */ = {
			isa = PBXSourcesBuildPhase;
			buildActionMask = 2147483647;
			files = (
				56174C0C22FB3336001C1152 /* ViewController.m in Sources */,
				5673F6FF23292F6E00DD93C4 /* ChessPiece.m in Sources */,
				56233FA32301D5A000C9C6C4 /* UIChessPiece.m in Sources */,
				561820E72326F92200D792E4 /* NetworkManager.m in Sources */,
				568011A623032B2800BC26D9 /* UIChessboardView.m in Sources */,
				561047AB231455F60031EA83 /* ChessboardModel.m in Sources */,
				56233FA62301D87D00C9C6C4 /* UIChessboardViewController.m in Sources */,
				56174C1222FB3336001C1152 /* telechess_client.xcdatamodeld in Sources */,
				56174C1A22FB3337001C1152 /* main.m in Sources */,
				56174C0922FB3336001C1152 /* AppDelegate.m in Sources */,
			);
			runOnlyForDeploymentPostprocessing = 0;
		};
/* End PBXSourcesBuildPhase section */

/* Begin PBXVariantGroup section */
		56174C0D22FB3336001C1152 /* Main.storyboard */ = {
			isa = PBXVariantGroup;
			children = (
				56174C0E22FB3336001C1152 /* Base */,
			);
			name = Main.storyboard;
			sourceTree = "<group>";
		};
		56174C1522FB3337001C1152 /* LaunchScreen.storyboard */ = {
			isa = PBXVariantGroup;
			children = (
				56174C1622FB3337001C1152 /* Base */,
			);
			name = LaunchScreen.storyboard;
			sourceTree = "<group>";
		};
/* End PBXVariantGroup section */

/* Begin XCBuildConfiguration section */
		56174C1B22FB3337001C1152 /* Debug */ = {
			isa = XCBuildConfiguration;
			buildSettings = {
				ALWAYS_SEARCH_USER_PATHS = NO;
				CLANG_ANALYZER_NONNULL = YES;
				CLANG_ANALYZER_NUMBER_OBJECT_CONVERSION = YES_AGGRESSIVE;
				CLANG_CXX_LANGUAGE_STANDARD = "gnu++14";
				CLANG_CXX_LIBRARY = "libc++";
				CLANG_ENABLE_MODULES = YES;
				CLANG_ENABLE_OBJC_ARC = YES;
				CLANG_ENABLE_OBJC_WEAK = YES;
				CLANG_WARN_BLOCK_CAPTURE_AUTORELEASING = YES;
				CLANG_WARN_BOOL_CONVERSION = YES;
				CLANG_WARN_COMMA = YES;
				CLANG_WARN_CONSTANT_CONVERSION = YES;
				CLANG_WARN_DEPRECATED_OBJC_IMPLEMENTATIONS = YES;
				CLANG_WARN_DIRECT_OBJC_ISA_USAGE = YES_ERROR;
				CLANG_WARN_DOCUMENTATION_COMMENTS = YES;
				CLANG_WARN_EMPTY_BODY = YES;
				CLANG_WARN_ENUM_CONVERSION = YES;
				CLANG_WARN_INFINITE_RECURSION = YES;
				CLANG_WARN_INT_CONVERSION = YES;
				CLANG_WARN_NON_LITERAL_NULL_CONVERSION = YES;
				CLANG_WARN_OBJC_IMPLICIT_RETAIN_SELF = YES;
				CLANG_WARN_OBJC_LITERAL_CONVERSION = YES;
				CLANG_WARN_OBJC_ROOT_CLASS = YES_ERROR;
				CLANG_WARN_RANGE_LOOP_ANALYSIS = YES;
				CLANG_WARN_STRICT_PROTOTYPES = YES;
				CLANG_WARN_SUSPICIOUS_MOVE = YES;
				CLANG_WARN_UNGUARDED_AVAILABILITY = YES_AGGRESSIVE;
				CLANG_WARN_UNREACHABLE_CODE = YES;
				CLANG_WARN__DUPLICATE_METHOD_MATCH = YES;
				CODE_SIGN_IDENTITY = "iPhone Developer";
				COPY_PHASE_STRIP = NO;
				DEBUG_INFORMATION_FORMAT = dwarf;
				ENABLE_STRICT_OBJC_MSGSEND = YES;
				ENABLE_TESTABILITY = YES;
				GCC_C_LANGUAGE_STANDARD = gnu11;
				GCC_DYNAMIC_NO_PIC = NO;
				GCC_NO_COMMON_BLOCKS = YES;
				GCC_OPTIMIZATION_LEVEL = 0;
				GCC_PREPROCESSOR_DEFINITIONS = (
					"DEBUG=1",
					"$(inherited)",
				);
				GCC_WARN_64_TO_32_BIT_CONVERSION = YES;
				GCC_WARN_ABOUT_RETURN_TYPE = YES_ERROR;
				GCC_WARN_UNDECLARED_SELECTOR = YES;
				GCC_WARN_UNINITIALIZED_AUTOS = YES_AGGRESSIVE;
				GCC_WARN_UNUSED_FUNCTION = YES;
				GCC_WARN_UNUSED_VARIABLE = YES;
				IPHONEOS_DEPLOYMENT_TARGET = 12.2;
				MTL_ENABLE_DEBUG_INFO = INCLUDE_SOURCE;
				MTL_FAST_MATH = YES;
				ONLY_ACTIVE_ARCH = YES;
				SDKROOT = iphoneos;
			};
			name = Debug;
		};
		56174C1C22FB3337001C1152 /* Release */ = {
			isa = XCBuildConfiguration;
			buildSettings = {
				ALWAYS_SEARCH_USER_PATHS = NO;
				CLANG_ANALYZER_NONNULL = YES;
				CLANG_ANALYZER_NUMBER_OBJECT_CONVERSION = YES_AGGRESSIVE;
				CLANG_CXX_LANGUAGE_STANDARD = "gnu++14";
				CLANG_CXX_LIBRARY = "libc++";
				CLANG_ENABLE_MODULES = YES;
				CLANG_ENABLE_OBJC_ARC = YES;
				CLANG_ENABLE_OBJC_WEAK = YES;
				CLANG_WARN_BLOCK_CAPTURE_AUTORELEASING = YES;
				CLANG_WARN_BOOL_CONVERSION = YES;
				CLANG_WARN_COMMA = YES;
				CLANG_WARN_CONSTANT_CONVERSION = YES;
				CLANG_WARN_DEPRECATED_OBJC_IMPLEMENTATIONS = YES;
				CLANG_WARN_DIRECT_OBJC_ISA_USAGE = YES_ERROR;
				CLANG_WARN_DOCUMENTATION_COMMENTS = YES;
				CLANG_WARN_EMPTY_BODY = YES;
				CLANG_WARN_ENUM_CONVERSION = YES;
				CLANG_WARN_INFINITE_RECURSION = YES;
				CLANG_WARN_INT_CONVERSION = YES;
				CLANG_WARN_NON_LITERAL_NULL_CONVERSION = YES;
				CLANG_WARN_OBJC_IMPLICIT_RETAIN_SELF = YES;
				CLANG_WARN_OBJC_LITERAL_CONVERSION = YES;
				CLANG_WARN_OBJC_ROOT_CLASS = YES_ERROR;
				CLANG_WARN_RANGE_LOOP_ANALYSIS = YES;
				CLANG_WARN_STRICT_PROTOTYPES = YES;
				CLANG_WARN_SUSPICIOUS_MOVE = YES;
				CLANG_WARN_UNGUARDED_AVAILABILITY = YES_AGGRESSIVE;
				CLANG_WARN_UNREACHABLE_CODE = YES;
				CLANG_WARN__DUPLICATE_METHOD_MATCH = YES;
				CODE_SIGN_IDENTITY = "iPhone Developer";
				COPY_PHASE_STRIP = NO;
				DEBUG_INFORMATION_FORMAT = "dwarf-with-dsym";
				ENABLE_NS_ASSERTIONS = NO;
				ENABLE_STRICT_OBJC_MSGSEND = YES;
				GCC_C_LANGUAGE_STANDARD = gnu11;
				GCC_NO_COMMON_BLOCKS = YES;
				GCC_WARN_64_TO_32_BIT_CONVERSION = YES;
				GCC_WARN_ABOUT_RETURN_TYPE = YES_ERROR;
				GCC_WARN_UNDECLARED_SELECTOR = YES;
				GCC_WARN_UNINITIALIZED_AUTOS = YES_AGGRESSIVE;
				GCC_WARN_UNUSED_FUNCTION = YES;
				GCC_WARN_UNUSED_VARIABLE = YES;
				IPHONEOS_DEPLOYMENT_TARGET = 12.2;
				MTL_ENABLE_DEBUG_INFO = NO;
				MTL_FAST_MATH = YES;
				SDKROOT = iphoneos;
				VALIDATE_PRODUCT = YES;
			};
			name = Release;
		};
		56174C1E22FB3337001C1152 /* Debug */ = {
			isa = XCBuildConfiguration;
			buildSettings = {
				ASSETCATALOG_COMPILER_APPICON_NAME = AppIcon;
				CODE_SIGN_STYLE = Automatic;
				INFOPLIST_FILE = "telechess-client/Info.plist";
				LD_RUNPATH_SEARCH_PATHS = (
					"$(inherited)",
					"@executable_path/Frameworks",
				);
				PRODUCT_BUNDLE_IDENTIFIER = "com.lazarev.telechess-client";
				PRODUCT_NAME = "$(TARGET_NAME)";
				TARGETED_DEVICE_FAMILY = "1,2";
			};
			name = Debug;
		};
		56174C1F22FB3337001C1152 /* Release */ = {
			isa = XCBuildConfiguration;
			buildSettings = {
				ASSETCATALOG_COMPILER_APPICON_NAME = AppIcon;
				CODE_SIGN_STYLE = Automatic;
				INFOPLIST_FILE = "telechess-client/Info.plist";
				LD_RUNPATH_SEARCH_PATHS = (
					"$(inherited)",
					"@executable_path/Frameworks",
				);
				PRODUCT_BUNDLE_IDENTIFIER = "com.lazarev.telechess-client";
				PRODUCT_NAME = "$(TARGET_NAME)";
				TARGETED_DEVICE_FAMILY = "1,2";
			};
			name = Release;
		};
/* End XCBuildConfiguration section */

/* Begin XCConfigurationList section */
		56174BFF22FB3336001C1152 /* Build configuration list for PBXProject "telechess-client" */ = {
			isa = XCConfigurationList;
			buildConfigurations = (
				56174C1B22FB3337001C1152 /* Debug */,
				56174C1C22FB3337001C1152 /* Release */,
			);
			defaultConfigurationIsVisible = 0;
			defaultConfigurationName = Release;
		};
		56174C1D22FB3337001C1152 /* Build configuration list for PBXNativeTarget "telechess-client" */ = {
			isa = XCConfigurationList;
			buildConfigurations = (
				56174C1E22FB3337001C1152 /* Debug */,
				56174C1F22FB3337001C1152 /* Release */,
			);
			defaultConfigurationIsVisible = 0;
			defaultConfigurationName = Release;
		};
/* End XCConfigurationList section */

/* Begin XCVersionGroup section */
		56174C1022FB3336001C1152 /* telechess_client.xcdatamodeld */ = {
			isa = XCVersionGroup;
			children = (
				56174C1122FB3336001C1152 /* telechess_client.xcdatamodel */,
			);
			currentVersion = 56174C1122FB3336001C1152 /* telechess_client.xcdatamodel */;
			path = telechess_client.xcdatamodeld;
			sourceTree = "<group>";
			versionGroupType = wrapper.xcdatamodel;
		};
/* End XCVersionGroup section */
	};
	rootObject = 56174BFC22FB3336001C1152 /* Project object */;
}
